
Microsoft Visual Studio Solution File, Format Version 12.00
# Visual Studio 15
VisualStudioVersion = 15.0.27428.2011
MinimumVisualStudioVersion = 10.0.40219.1
Project("{FAE04EC0-301F-11D3-BF4B-00C04F79EFBC}") = "MyManagedWeb", "MyManagedWeb\MyManagedWeb.csproj", "{417F0403-A176-4800-8374-DE133ECB6C2B}"
EndProject
Global
	GlobalSection(SolutionConfigurationPlatforms) = preSolution
		Debug|Any CPU = Debug|Any CPU
		Release|Any CPU = Release|Any CPU
	EndGlobalSection
	GlobalSection(ProjectConfigurationPlatforms) = postSolution
		{417F0403-A176-4800-8374-DE133ECB6C2B}.Debug|Any CPU.ActiveCfg = Debug|Any CPU
		{417F0403-A176-4800-8374-DE133ECB6C2B}.Debug|Any CPU.Build.0 = Debug|Any CPU
		{417F0403-A176-4800-8374-DE133ECB6C2B}.Release|Any CPU.ActiveCfg = Release|Any CPU
		{417F0403-A176-4800-8374-DE133ECB6C2B}.Release|Any CPU.Build.0 = Release|Any CPU
	EndGlobalSection
	GlobalSection(SolutionProperties) = preSolution
		HideSolutionNode = FALSE
	EndGlobalSection
	GlobalSection(ExtensibilityGlobals) = postSolution
		SolutionGuid = {901C4AE5-7F10-43A3-AB5C-EAA569730325}
	EndGlobalSection
EndGlobal
